
Microsoft Visual Studio Solution File, Format Version 12.00
# Visual Studio Version 17
VisualStudioVersion = 17.2.32519.379
MinimumVisualStudioVersion = 10.0.40219.1
Project("{FAE04EC0-301F-11D3-BF4B-00C04F79EFBC}") = "SearchAlgorithm", "SearchAlgorithm\SearchAlgorithm.csproj", "{8B8AE8DF-F5F9-4447-8AD6-2CC3C9B19ACF}"
EndProject
Global
	GlobalSection(SolutionConfigurationPlatforms) = preSolution
		Debug|Any CPU = Debug|Any CPU
		Release|Any CPU = Release|Any CPU
	EndGlobalSection
	GlobalSection(ProjectConfigurationPlatforms) = postSolution
		{8B8AE8DF-F5F9-4447-8AD6-2CC3C9B19ACF}.Debug|Any CPU.ActiveCfg = Debug|Any CPU
		{8B8AE8DF-F5F9-4447-8AD6-2CC3C9B19ACF}.Debug|Any CPU.Build.0 = Debug|Any CPU
		{8B8AE8DF-F5F9-4447-8AD6-2CC3C9B19ACF}.Release|Any CPU.ActiveCfg = Release|Any CPU
		{8B8AE8DF-F5F9-4447-8AD6-2CC3C9B19ACF}.Release|Any CPU.Build.0 = Release|Any CPU
	EndGlobalSection
	GlobalSection(SolutionProperties) = preSolution
		HideSolutionNode = FALSE
	EndGlobalSection
	GlobalSection(ExtensibilityGlobals) = postSolution
		SolutionGuid = {52A7D6D9-D22F-40FD-9455-0476D730908E}
	EndGlobalSection
EndGlobal
